Microsoft Visual Studio Solution File, Format Version 12.00
# Visual Studio Version 17
VisualStudioVersion = 17.5.2.0
MinimumVisualStudioVersion = 10.0.40219.1
Project("{2150E333-8FDC-42A3-9474-1A3956D46DE8}") = "CricketPlayer", "CricketPlayer", "{D1CBC0AF-7CB4-4B7C-A004-484ABAAE8C13}"
EndProject
Project("{FAE04EC0-301F-11D3-BF4B-00C04F79EFBC}") = "Backend", "CricketPlayer\Backend\Backend.csproj", "{A005A984-6FEB-96C4-BF6D-C8E1B8A84DD6}"
EndProject
Global
	GlobalSection(SolutionConfigurationPlatforms) = preSolution
		Debug|Any CPU = Debug|Any CPU
		Release|Any CPU = Release|Any CPU
	EndGlobalSection
	GlobalSection(ProjectConfigurationPlatforms) = postSolution
		{A005A984-6FEB-96C4-BF6D-C8E1B8A84DD6}.Debug|Any CPU.ActiveCfg = Debug|Any CPU
		{A005A984-6FEB-96C4-BF6D-C8E1B8A84DD6}.Debug|Any CPU.Build.0 = Debug|Any CPU
		{A005A984-6FEB-96C4-BF6D-C8E1B8A84DD6}.Release|Any CPU.ActiveCfg = Release|Any CPU
		{A005A984-6FEB-96C4-BF6D-C8E1B8A84DD6}.Release|Any CPU.Build.0 = Release|Any CPU
	EndGlobalSection
	GlobalSection(SolutionProperties) = preSolution
		HideSolutionNode = FALSE
	EndGlobalSection
	GlobalSection(NestedProjects) = preSolution
		{A005A984-6FEB-96C4-BF6D-C8E1B8A84DD6} = {D1CBC0AF-7CB4-4B7C-A004-484ABAAE8C13}
	EndGlobalSection
	GlobalSection(ExtensibilityGlobals) = postSolution
		SolutionGuid = {7FE3DB8B-9981-4792-AD41-E8F08D89776C}
	EndGlobalSection
EndGlobal
